{
  "name": "scrutin-common",
  "version": "0.0.1",
  "lockfileVersion": 1,
  "requires": true,
  "dependencies": {
    "sjcl-with-all": {
      "version": "1.0.8",
      "resolved": "https://registry.npmjs.org/sjcl-with-all/-/sjcl-with-all-1.0.8.tgz",
      "integrity": "sha512-bPO15hskif7tpu/LpAQgnJgZESsYOIHrNSxgZ7nM4rbF9rOtt6rm4ECQaFvY5/JLay5lhi2YIaLcD4xJJgY29w=="
    }
  }
}
